# Generated by lock_dependencies.py from the ARM64 pip report; update pins and regenerate.
annotated-doc @ https://files.pythonhosted.org/packages/3e/30/e900b21425a860e195f32e37657aa1f7c7f2b1bfb26f03ca209b90933c06/annotated_doc-0.0.5-py3-none-any.whl --hash=sha256:117bac03a25ede5df5440e855b32d556049ca169ead221505badf432fed4b101
annotated-types @ https://files.pythonhosted.org/packages/99/91/8acff4f5e50511b911bbccb72b8628a49c68ce14148cd9f6431094859a90/annotated_types-0.8.0-py3-none-any.whl --hash=sha256:f072f4d804ea359e4eaf198b1af7a8b0943881a87f31bb764f8bf219bb9419e0
anyio @ https://files.pythonhosted.org/packages/12/b8/4bd346e22b28902df4d651910f5242c28d84e4a5c2435ca5c3f797ed7e2e/anyio-4.15.1-py3-none-any.whl --hash=sha256:6152fdbbf9a77fdec97731721bebf7c4c44f7c29b424b0065826173efc7ed101
apache-tvm-ffi @ https://files.pythonhosted.org/packages/9c/20/51d0c31c76bef0f21c11bce0465598d1ea5fdaca22e47a69c29deadeada7/apache_tvm_ffi-0.1.12-cp312-abi3-manylinux_2_24_aarch64.manylinux_2_28_aarch64.whl --hash=sha256:8a7b08f377ea2663dae10e3045f8d0215f0378ee975096174a8af6381eeb1504
av @ https://files.pythonhosted.org/packages/39/24/25b5e1edd5075591b0b13b4d84b76f0d86c654f1e5d62d5e7083d2e59db4/av-19.0.0-cp312-abi3-manylinux_2_28_aarch64.whl --hash=sha256:07f81500bda7636798dfaae26e5fe8a426b1b6ef1affbbef9f688e16149a7409
certifi @ https://files.pythonhosted.org/packages/0b/a7/71ac2cff56fec219ed242bb11b8efb69fcc4bec75db06fb7bfe35de520e6/certifi-2026.7.22-py3-none-any.whl --hash=sha256:62f22742b58a1a33014a2b6b706588a8d7e2a88ae7bd1a6ebe8c992928483775
click @ https://files.pythonhosted.org/packages/58/50/6c0d534c5f134586a8e1ba4e330569e32f057e33372ae556463212fb4cd3/click-8.5.0-py3-none-any.whl --hash=sha256:255bc9599cf7748b4b1a446ccc735421bd08a2ae529a8b88597d3de5664ee360
cuda-bindings @ https://files.pythonhosted.org/packages/65/11/1293429c1c3a3e19b551275e65efddd122a905bbe7e368816a59f3ef2a41/cuda_bindings-13.4.3-cp312-cp312-manylinux_2_24_aarch64.manylinux_2_28_aarch64.whl --hash=sha256:bfbd3f7d4ac04dd41dc49121b9e408c8283992f47124c2290ecb79bbbadcca8e
cuda-pathfinder @ https://files.pythonhosted.org/packages/b9/fb/f8e1890428f9f590b4beebd63b068aac1ce32a3331510c847b9f9a78f261/cuda_pathfinder-1.8.3-py3-none-any.whl --hash=sha256:e29e59829c297a7a5233bd9cc71094fc5bddbd076951482670178f9eade39b1f
cuda-toolkit @ https://files.pythonhosted.org/packages/82/bc/f95a9c7027b61d00bf9eef1c4bd2f6336e3f742e49693279b0e56dba2a3c/cuda_toolkit-13.4.1.0-py2.py3-none-any.whl --hash=sha256:433c6197ebb482ad0c00ab6e1aa0d2ba5d3e817a25cb9943418d5363aaca6464
cupti-python @ https://files.pythonhosted.org/packages/de/b2/6b19ce1392b81520c426d21bcf42ed22797a94df13b36bb51e96094a9179/cupti_python-13.4.0-cp312-cp312-manylinux_2_24_aarch64.manylinux_2_28_aarch64.whl --hash=sha256:119878756def342f90eedd02121344e001d15026bf7a1be2c6b9a2d882b85aec
filelock @ https://files.pythonhosted.org/packages/da/a1/b047e1c486a2c66283633b7dbb73872ca16ca1ce6a426f70d4d037fc8e1c/filelock-4.0.12-py3-none-any.whl --hash=sha256:5f17ee83ecee8a6f3e389c75822fb70a1c2f0506b99438a6dffa1d56793588c8
fsspec @ https://files.pythonhosted.org/packages/6c/c0/a98505f18594f1bce828bb159cec0fcf9860562f1a2c85913409fc8f3d9e/fsspec-2026.9.0-py3-none-any.whl --hash=sha256:8dd6e646e99ea382bd85f97a45e6b526a442d79423a7dc673f1e2756d05fcb5f
h11 @ https://files.pythonhosted.org/packages/04/4b/29cac41a4d98d144bf5f6d33995617b185d14b22401f75ca86f384e87ff1/h11-0.16.0-py3-none-any.whl --hash=sha256:63cf8bbe7522de3bf65932fda1d9c2772064ffb3dae62d55932da54b31cb6c86
hf-xet @ https://files.pythonhosted.org/packages/9a/69/1f0cbc2fb22ae6082d094f743d1b8945a3f36f6089cb95f42b7ee348cda7/hf_xet-1.6.0-cp38-abi3-manylinux_2_28_aarch64.whl --hash=sha256:0e6e21fa3cdfcdcd76748564bf593870a5e013f47d97cf10aed63aa222cff5b7
httpcore @ https://files.pythonhosted.org/packages/7e/f5/f66802a942d491edb555dd61e3a9961140fd64c90bce1eafd741609d334d/httpcore-1.0.9-py3-none-any.whl --hash=sha256:2d400746a40668fc9dec9810239072b40b4484b640a8c38fd654a024c7a1bf55
httpx @ https://files.pythonhosted.org/packages/2a/39/e50c7c3a983047577ee07d2a9e53faf5a69493943ec3f6a384bdc792deb2/httpx-0.28.1-py3-none-any.whl --hash=sha256:d909fcccc110f8c7faf814ca82a9a4d816bc5a6dbfea25d6591d6985b8ba59ad
huggingface-hub @ https://files.pythonhosted.org/packages/5f/c3/aeaaf3911d2529614be18d1c8b5496afc185560e76568063d517283318af/huggingface_hub-1.24.0-py3-none-any.whl --hash=sha256:6ed4120a84a6beec900640aa7e346bd766a6b7341e41526fef5dc8bd81fb7d59
idna @ https://files.pythonhosted.org/packages/58/a2/bb081bab032533a855d44de1d56f8e8426114ff1ba5d1f07a438a0a654f8/idna-3.20-py3-none-any.whl --hash=sha256:ab7ae7122974553370f0bdb919e1a960b2cd1bc1ef0276416d896db81c14582c
jinja2 @ https://files.pythonhosted.org/packages/62/a1/3d680cbfd5f4b8f15abc1d571870c5fc3e594bb582bc3b64ea099db13e56/jinja2-3.1.6-py3-none-any.whl --hash=sha256:85ece4451f492d0c13c5dd7c13a64681a86afae63a5f347908daf103ce6d2f67
markdown-it-py @ https://files.pythonhosted.org/packages/b3/81/4da04ced5a082363ecfa159c010d200ecbd959ae410c10c0264a38cac0f5/markdown_it_py-4.2.0-py3-none-any.whl --hash=sha256:9f7ebbcd14fe59494226453aed97c1070d83f8d24b6fc3a3bcf9a38092641c4a
markupsafe @ https://files.pythonhosted.org/packages/0d/f2/8f18e0b806eb13c1f8d07d917a720831ead54253a6dec011fbc78098a6f8/markupsafe-3.0.4-cp312-cp312-manylinux2014_aarch64.manylinux_2_17_aarch64.manylinux_2_28_aarch64.whl --hash=sha256:6a45c3d514f2436064db00d7fc8778d888f0236ebfed649b53d13a59e69ad51b
mdurl @ https://files.pythonhosted.org/packages/b3/38/89ba8ad64ae25be8de66a6d463314cf1eb366222074cfda9ee839c56a4b4/mdurl-0.1.2-py3-none-any.whl --hash=sha256:84008a41e51615a49fc9966191ff91509e3c40b939176e643fd50a5c2196b8f8
mpmath @ https://files.pythonhosted.org/packages/43/e3/7d92a15f894aa0c9c4b49b8ee9ac9850d6e63b03c9c32c0367a13ae62209/mpmath-1.3.0-py3-none-any.whl --hash=sha256:a0b2b9fe80bbcd81a6647ff13108738cfb482d481d826cc0e02f5b35e5c88d2c
networkx @ https://files.pythonhosted.org/packages/7e/cd/fe58041e9011f307c490e3e17dd48cc516448f7c698a3f2d9d9d65d7e6a8/networkx-3.7-py3-none-any.whl --hash=sha256:e3fd2c13a7814cee3746340d8d7f8598a67f16a58bf47fb7f8793fab6efca1b0
numpy @ https://files.pythonhosted.org/packages/33/4d/435c143c06e16c8bfccbfd9af252b0a8ac7897e0c0e36e539d75a75e91b4/numpy-2.1.0-cp312-cp312-manylinux_2_17_aarch64.manylinux2014_aarch64.whl --hash=sha256:a0756a179afa766ad7cb6f036de622e8a8f16ffdd55aa31f296c870b5679d745
nvidia-cublas @ https://files.pythonhosted.org/packages/35/ea/54b9b5f0e0317cc1587353324e6821e16212693c3fde021d88919eaeee2f/nvidia_cublas-13.8.1.7-py3-none-manylinux_2_27_aarch64.whl --hash=sha256:803b9974cd7164a481d0b11c25826498d383d0ef0c372573bc6577a344ddf74e
nvidia-cuda-cccl @ https://files.pythonhosted.org/packages/c8/21/d49f8fdb03bb4108b12291e8ff2b86491d42cd158d33c7a3a55870384114/nvidia_cuda_cccl-13.3.4.3.1-py3-none-manylinux2014_aarch64.manylinux_2_17_aarch64.whl --hash=sha256:cd47e7823e3ab369a3e3df3a4c6dbb4cb02176cb85b251eec5f7c9cdfa528ec4
nvidia-cuda-cupti @ https://files.pythonhosted.org/packages/12/52/102c4508ece0db1ac014c0dd20fae63b6e863971b447a299b6a731b16836/nvidia_cuda_cupti-13.4.58-py3-none-manylinux_2_25_aarch64.whl --hash=sha256:b6fa6525b6314a10c7adffcf4f2b0b2987580547672ba6e07054b38c0516d91a
nvidia-cuda-nvrtc @ https://files.pythonhosted.org/packages/c5/f5/88d36caf27b78e0353d608b9a95440fc829235bc75bfe990fcca35912914/nvidia_cuda_nvrtc-13.4.59-py3-none-manylinux2014_aarch64.manylinux_2_17_aarch64.whl --hash=sha256:da5e1ba65f402b2fdf1c4bfcb16e27df47e8ade27f7936b1524cb10cdd61a1c8
nvidia-cuda-runtime @ https://files.pythonhosted.org/packages/fd/a4/3cdd71ca4f0b88ea5ddb08b513aad4b60bd7b950561e17587825800dfa53/nvidia_cuda_runtime-13.4.49-py3-none-manylinux2014_aarch64.manylinux_2_17_aarch64.whl --hash=sha256:7497eabb284aad39c47b7b469f681578dcc6aa4ebabd838c042b9bcf5f6d0abe
nvidia-cudnn-cu13 @ https://files.pythonhosted.org/packages/c5/1c/01e1dd3dec6ffe0baaff7e722b8946d867353d05a01301f128f1730fde0b/nvidia_cudnn_cu13-9.26.0.51-py3-none-manylinux_2_27_aarch64.whl --hash=sha256:8e5b4f5eccff721416f70ecf4353172fc4d5cdd8ca869fe6f983a4a5b0147b20
nvidia-cufft @ https://files.pythonhosted.org/packages/77/87/527085b9ea49e9dc97cdfbc635af43fd6c2652f8e1ff1836d2d8054bfe56/nvidia_cufft-12.4.0.34-py3-none-manylinux2014_aarch64.manylinux_2_17_aarch64.whl --hash=sha256:faf25c648f0999f14a5ce31cafd98aa166ebaeee993370b0ef60b86863f99119
nvidia-cufile @ https://files.pythonhosted.org/packages/bc/d1/a33e8719ea40d63e43a5f2359a32a54b39936639a47301281cada83cd4e3/nvidia_cufile-1.19.0.109-py3-none-manylinux_2_27_aarch64.whl --hash=sha256:c68cd21b6c9c31b35e72626d5792446e4839e89139a74e4e6a05645f5785355b
nvidia-cusolver @ https://files.pythonhosted.org/packages/dd/60/4fe09c2b4bc5f19221038fa13bf2865f9363153f4c36832ca518a68d7544/nvidia_cusolver-12.3.2.15-py3-none-manylinux_2_27_aarch64.whl --hash=sha256:a2a87b02aa59a88220f6c2d28589decb167ba3a575dfe90ec490cac841fe788f
nvidia-cusparse @ https://files.pythonhosted.org/packages/66/b6/63a3fc72bd7e2875b5b7953e4b4756528a4d2d3d0138b733717212fcaff2/nvidia_cusparse-12.8.6.49-py3-none-manylinux2014_aarch64.manylinux_2_17_aarch64.whl --hash=sha256:3bf4f2e34e8cfe0c691a4afd7bd479bee49f44dc5fa4940d9d54f720cbd6f2f3
nvidia-cusparselt-cu13 @ https://files.pythonhosted.org/packages/46/e1/cdc1797eadf82d3a9a575a19b33fdc871a97edbec42c00b5b5e914f4aff4/nvidia_cusparselt_cu13-0.8.1-py3-none-manylinux2014_aarch64.whl --hash=sha256:4dca476c50bf4780d46cd0bfbd82e2bc10a08e4fef7950917ce8d7578d22a23f
nvidia-nccl-cu13 @ https://files.pythonhosted.org/packages/d1/21/a73174c6157101bdf1ffc22b517f76ff0082613989dd9bc8f43e8034caac/nvidia_nccl_cu13-2.30.7-py3-none-manylinux_2_18_aarch64.whl --hash=sha256:ca786ffa5a647c75d4d1f5cc72a6c4f537947e2ba8823d7c8aaf768e7a7b9f77
nvidia-nvjitlink @ https://files.pythonhosted.org/packages/1f/a8/1cbd4014898af8b419e69b0d7dbc63da2121ee92d92b47d59f4fe9075349/nvidia_nvjitlink-13.4.92-py3-none-manylinux2014_aarch64.manylinux_2_17_aarch64.whl --hash=sha256:25f74fad0d654271c921ac4dca614bd6258bc21791242fc7b2289dad7ae9c099
nvidia-nvshmem-cu13 @ https://files.pythonhosted.org/packages/81/11/1767ef120299972822a43aceffbc81ac813aad2089d817e36e4e12aa4c9c/nvidia_nvshmem_cu13-3.7.2-py3-none-manylinux2014_aarch64.manylinux_2_17_aarch64.whl --hash=sha256:0e748308b9e0a8a8d81859353f3e6c98fbe85a85f652a915a2ba60149a0bd124
nvidia-nvtx @ https://files.pythonhosted.org/packages/20/78/cf40b3841024df6c0786be21c5c53bfdbb5589d5695e0239c68006d2910e/nvidia_nvtx-13.4.49-py3-none-manylinux2014_aarch64.manylinux_2_17_aarch64.whl --hash=sha256:b8aa907e71a84183de6a33df169de91eedd14a898895abcf1b10319267273157
packaging @ https://files.pythonhosted.org/packages/63/34/ba1c580383c9eada3711951fef0795c80b829a078d72188184bcab9dd527/packaging-26.3-py3-none-any.whl --hash=sha256:d7193f7c8e4e93f444fde0262bf90af30e16fa0ad0ad44cb553c87339b23cd1c
pillow @ https://files.pythonhosted.org/packages/25/27/ac8f99618ffd3dde21db0f4d4b1d2ab00c0880595bfd17df103f7f39fd0c/pillow-12.3.0-cp312-cp312-manylinux_2_27_aarch64.manylinux_2_28_aarch64.whl --hash=sha256:d9c7f76c0673154f044e9d78c8655fb4213f6ca31a836df48b40fe5d187717b9
pydantic @ https://files.pythonhosted.org/packages/fd/7b/122376b1fd3c62c1ed9dc80c931ace4844b3c55407b6fb2d199377c9736f/pydantic-2.13.4-py3-none-any.whl --hash=sha256:45a282cde31d808236fd7ea9d919b128653c8b38b393d1c4ab335c62924d9aba
pydantic-core @ https://files.pythonhosted.org/packages/8e/bc/f47d1ff9cbb1620e1b5b697eef06010035735f07820180e74178226b27b3/pydantic_core-2.46.4-cp312-cp312-manylinux_2_17_aarch64.manylinux2014_aarch64.whl --hash=sha256:8233f2947cf85404441fd7e0085f53b10c93e0ee78611099b5c7237e36aacbf7
pyelftools @ https://files.pythonhosted.org/packages/46/2a/f9697576603dae937727827505a6126a066affb227034e77e6f9068910da/pyelftools-0.33-py3-none-any.whl --hash=sha256:f215ad5f47d3f1373a21496a6c9e0707c622840d0622f23ff7ce08678b020036
pygments @ https://files.pythonhosted.org/packages/71/46/17f022dd3e953bf20a04a028a21ec746d942f8d2af30fa0f124fa0e6a684/pygments-2.21.0-py3-none-any.whl --hash=sha256:2363c69b61c4a97c838da3b130dcd6468f4848992b21a82f2a63ec34377137d9
pyyaml @ https://files.pythonhosted.org/packages/ed/23/7a778b6bd0b9a8039df8b1b1d80e2e2ad78aa04171592c8a5c43a56a6af4/pyyaml-6.0.3-cp312-cp312-manylinux2014_aarch64.manylinux_2_17_aarch64.manylinux_2_28_aarch64.whl --hash=sha256:9149cad251584d5fb4981be1ecde53a1ca46c891a79788c0df828d2f166bda28
regex @ https://files.pythonhosted.org/packages/c9/72/67e7a8ce17f1aea49df215564048efb49cc8c2b31a0e0fc30f36838f8516/regex-2026.9.29-cp312-cp312-manylinux2014_aarch64.manylinux_2_17_aarch64.manylinux_2_28_aarch64.whl --hash=sha256:f93bc1c3486ef3747e07c9d7c1d0a147b8fbaab975f80e348aed6f71309dfaca
rich @ https://files.pythonhosted.org/packages/82/3b/64d4899d73f91ba49a8c18a8ff3f0ea8f1c1d75481760df8c68ef5235bf5/rich-15.0.0-py3-none-any.whl --hash=sha256:33bd4ef74232fb73fe9279a257718407f169c09b78a87ad3d296f548e27de0bb
safetensors @ https://files.pythonhosted.org/packages/09/7d/65a7de0af421317bb36a067241e4235fff194eed60b961ed6d3f59a3fc60/safetensors-0.8.0-cp310-abi3-manylinux_2_17_aarch64.manylinux2014_aarch64.whl --hash=sha256:7a46e5ff292c356d6991e60942ba7f79817682d3a2cef0702136448cb9c4d235
setuptools @ https://files.pythonhosted.org/packages/e1/e3/c164c88b2e5ce7b24d667b9bd83589cf4f3520d97cad01534cd3c4f55fdb/setuptools-81.0.0-py3-none-any.whl --hash=sha256:fdd925d5c5d9f62e4b74b30d6dd7828ce236fd6ed998a08d81de62ce5a6310d6
shellingham @ https://files.pythonhosted.org/packages/e0/f9/0595336914c5619e5f28a1fb793285925a8cd4b432c9da0a987836c7f822/shellingham-1.5.4-py2.py3-none-any.whl --hash=sha256:7ecfff8f2fd72616f7481040475a65b2bf8af90a56c89140852d1120324e8686
sympy @ https://files.pythonhosted.org/packages/a2/09/77d55d46fd61b4a135c444fc97158ef34a095e5681d0a6c10b75bf356191/sympy-1.14.0-py3-none-any.whl --hash=sha256:e091cc3e99d2141a0ba2847328f5479b05d94a6635cb96148ccb3f34671bd8f5
tokenizers @ https://files.pythonhosted.org/packages/6c/36/e006edf031154cba92b8416057d92c3abe3635e4c4b0aa0b5b9bb39dde70/tokenizers-0.23.1-cp310-abi3-manylinux_2_17_aarch64.manylinux2014_aarch64.whl --hash=sha256:1bf13402aff9bc533c89cb849ec3b412dc3fbeacc9744840e423d7bf3f7dc0e3
torch @ https://download.pytorch.org/whl/nightly/cu134/torch-2.16.0.dev20261006%2Bcu134-cp312-cp312-manylinux_2_28_aarch64.whl --hash=sha256:f36987f1c8dc4587b43be718752ca195398017ab7cc6e2c77bbfbcae59e31f20
torchvision @ https://download.pytorch.org/whl/nightly/cu134/torchvision-0.30.0.dev20261006%2Bcu134-cp312-cp312-manylinux_2_28_aarch64.whl --hash=sha256:35caf9593e4c168b0eb1737ed76c05675149f01e9c59289a048fd106f13f554e
tqdm @ https://files.pythonhosted.org/packages/a7/03/921a3d3c75785aca9ebfbfcabfbc3a1be12e2ab5265deb026d55a5a3f83e/tqdm-4.70.1-py3-none-any.whl --hash=sha256:c293e525e6fef9c20e8728fd4612df02a0aa31bb5fe91ecd93e123b1b7bffa73
transformers @ https://files.pythonhosted.org/packages/e8/d0/c502b60d684adbd98a8dc7d5bb866842772b816ac4354e4608be240041ae/transformers-5.17.0-py3-none-any.whl --hash=sha256:78ec1ce21579b38dfb83950a0658cd119f87212a2fcfdff478096ce9d6c03801
triton @ https://download.pytorch.org/whl/nightly/triton-3.9.0%2Bgitaad2a60d-cp312-cp312-linux_aarch64.whl --hash=sha256:e52b9595189715d91916d6ceaf04e8e5f4e4b5fbea629ccbab97343318e2c357
typer @ https://files.pythonhosted.org/packages/dc/bf/205d0004930ede8f542fb58f601526fccf4ae7626075ca1e6c4de5d3d652/typer-0.27.2-py3-none-any.whl --hash=sha256:b3a5fc4342d5fc8fda8fc3010b1cf117e9249aab7fae800c2eff62fd3842d97d
typing-extensions @ https://files.pythonhosted.org/packages/49/d3/b8441a820a491ddfc024b0b0cf0393375b75ea13866d9c66727e54c2fc80/typing_extensions-4.16.0-py3-none-any.whl --hash=sha256:481caa481374e813c1b176ada14e97f1f67a4539ce9cfeb3f350d78d6370c2e8
typing-inspection @ https://files.pythonhosted.org/packages/67/81/4add07e5172b7ac40d8ed5ff580409a7801a4fe26d529bdd915401dabfbe/typing_inspection-0.4.4-py3-none-any.whl --hash=sha256:65b8397ba37ccbce054456aaccddfc91e6e3083c92824df348d96ca832f3f147
wheel @ https://files.pythonhosted.org/packages/87/1b/9e33c09813d65e248f7f773119148a612516a4bea93e9c6f545f78455b7c/wheel-0.47.0-py3-none-any.whl --hash=sha256:212281cab4dff978f6cedd499cd893e1f620791ca6ff7107cf270781e587eced
xgrammar @ https://files.pythonhosted.org/packages/b1/74/cdb56cc5afde708c6c39ed3d80680d7af6d12398bbb2681268bd5ac67eb7/xgrammar-0.2.8-cp312-cp312-manylinux_2_26_aarch64.manylinux_2_28_aarch64.whl --hash=sha256:97732b6e5f11f21fd98a6cd9525241fc5f9d92f415329200a9adf8fc7453d8ec
